PODS:
  - compresJSON-Pod (0.1.0)

DEPENDENCIES:
  - compresJSON-Pod (from `https://github.com/a1exb1/compresJSON-Pod.git`)

EXTERNAL SOURCES:
  compresJSON-Pod:
    :git: https://github.com/a1exb1/compresJSON-Pod.git

CHECKOUT OPTIONS:
  compresJSON-Pod:
    :commit: 90c4205cf8c37702eba2b36086f9fc6e95836f46
    :git: https://github.com/a1exb1/compresJSON-Pod.git

SPEC CHECKSUMS:
  compresJSON-Pod: f225ac311124816c54a66b0c2620d1ab530059ee

COCOAPODS: 0.37.1
