// !$*UTF8*$!
{
	archiveVersion = 1;
	classes = {
	};
	objectVersion = 46;
	objects = {

/* Begin PBXBuildFile section */
		E426C2FB1AFD40FB000BB268 /* AppDelegate.swift in Sources */ = {isa = PBXBuildFile; fileRef = E426C2FA1AFD40FB000BB268 /* AppDelegate.swift */; };
		E426C2FD1AFD40FB000BB268 /* ViewController.swift in Sources */ = {isa = PBXBuildFile; fileRef = E426C2FC1AFD40FB000BB268 /* ViewController.swift */; };
		E426C3001AFD40FB000BB268 /* Main.storyboard in Resources */ = {isa = PBXBuildFile; fileRef = E426C2FE1AFD40FB000BB268 /* Main.storyboard */; };
		E426C3021AFD40FB000BB268 /* Images.xcassets in Resources */ = {isa = PBXBuildFile; fileRef = E426C3011AFD40FB000BB268 /* Images.xcassets */; };
		E426C3051AFD40FB000BB268 /* LaunchScreen.xib in Resources */ = {isa = PBXBuildFile; fileRef = E426C3031AFD40FB000BB268 /* LaunchScreen.xib */; };
		E426C3111AFD40FB000BB268 /* CompresJSONTests.swift in Sources */ = {isa = PBXBuildFile; fileRef = E426C3101AFD40FB000BB268 /* CompresJSONTests.swift */; };
		E426C32B1AFD4107000BB268 /* NSData+Base64.m in Sources */ = {isa = PBXBuildFile; fileRef = E426C31E1AFD4107000BB268 /* NSData+Base64.m */; };
		E426C32C1AFD4107000BB268 /* StringEncryption.m in Sources */ = {isa = PBXBuildFile; fileRef = E426C3201AFD4107000BB268 /* StringEncryption.m */; };
		E426C32D1AFD4107000BB268 /* StringEncryptionBridgeHelper.m in Sources */ = {isa = PBXBuildFile; fileRef = E426C3221AFD4107000BB268 /* StringEncryptionBridgeHelper.m */; };
		E426C32E1AFD4107000BB268 /* Encryptor.swift in Sources */ = {isa = PBXBuildFile; fileRef = E426C3241AFD4107000BB268 /* Encryptor.swift */; };
		E426C3301AFD4107000BB268 /* CompresJSON.swift in Sources */ = {isa = PBXBuildFile; fileRef = E426C3291AFD4107000BB268 /* CompresJSON.swift */; };
		E426C3311AFD4107000BB268 /* CompresJSONSettings.swift in Sources */ = {isa = PBXBuildFile; fileRef = E426C32A1AFD4107000BB268 /* CompresJSONSettings.swift */; };
		E4C2F2CF1B02339C00C7A459 /* CompresJsonRequest.swift in Sources */ = {isa = PBXBuildFile; fileRef = E4C2F2CE1B02339C00C7A459 /* CompresJsonRequest.swift */; };
		E4C2F2D21B0234DE00C7A459 /* CardDesignItem.swift in Sources */ = {isa = PBXBuildFile; fileRef = E4C2F2D11B0234DE00C7A459 /* CardDesignItem.swift */; };
		E4C2F2D41B02527800C7A459 /* CompresJSONObject.swift in Sources */ = {isa = PBXBuildFile; fileRef = E4C2F2D31B02527800C7A459 /* CompresJSONObject.swift */; };
		E4DB7A681B010DE1001AFACC /* NSData+GZip+Extension.swift in Sources */ = {isa = PBXBuildFile; fileRef = E4DB7A671B010DE1001AFACC /* NSData+GZip+Extension.swift */; };
		E4DB7A6A1B010E03001AFACC /* libz.dylib in Frameworks */ = {isa = PBXBuildFile; fileRef = E4DB7A691B010E03001AFACC /* libz.dylib */; };
		E4DB7A941B011289001AFACC /* NSDate+Extension.swift in Sources */ = {isa = PBXBuildFile; fileRef = E4DB7A871B011289001AFACC /* NSDate+Extension.swift */; };
		E4DB7A951B011289001AFACC /* String+Extension.swift in Sources */ = {isa = PBXBuildFile; fileRef = E4DB7A881B011289001AFACC /* String+Extension.swift */; };
		E4DB7A961B011289001AFACC /* UIAlertController+Extension.swift in Sources */ = {isa = PBXBuildFile; fileRef = E4DB7A891B011289001AFACC /* UIAlertController+Extension.swift */; };
		E4DB7A971B011289001AFACC /* UIViewController+Extension.swift in Sources */ = {isa = PBXBuildFile; fileRef = E4DB7A8A1B011289001AFACC /* UIViewController+Extension.swift */; };
		E4DB7A981B011289001AFACC /* Almofire.swift in Sources */ = {isa = PBXBuildFile; fileRef = E4DB7A8C1B011289001AFACC /* Almofire.swift */; };
		E4DB7A991B011289001AFACC /* swiftyJSON.swift in Sources */ = {isa = PBXBuildFile; fileRef = E4DB7A8D1B011289001AFACC /* swiftyJSON.swift */; };
		E4DB7A9A1B011289001AFACC /* JSONMappingDefaults.swift in Sources */ = {isa = PBXBuildFile; fileRef = E4DB7A8F1B011289001AFACC /* JSONMappingDefaults.swift */; };
		E4DB7A9B1B011289001AFACC /* JSONObject.swift in Sources */ = {isa = PBXBuildFile; fileRef = E4DB7A901B011289001AFACC /* JSONObject.swift */; };
		E4DB7A9C1B011289001AFACC /* JsonRequest.swift in Sources */ = {isa = PBXBuildFile; fileRef = E4DB7A911B011289001AFACC /* JsonRequest.swift */; };
		E4DB7A9D1B011289001AFACC /* WebApiDefaults.swift in Sources */ = {isa = PBXBuildFile; fileRef = E4DB7A921B011289001AFACC /* WebApiDefaults.swift */; };
		E4DB7A9E1B011289001AFACC /* WebApiManager.swift in Sources */ = {isa = PBXBuildFile; fileRef = E4DB7A931B011289001AFACC /* WebApiManager.swift */; };
		E4DB7AA11B011384001AFACC /* Compressor.swift in Sources */ = {isa = PBXBuildFile; fileRef = E4DB7AA01B011384001AFACC /* Compressor.swift */; };
		E4DB7AA31B0113AA001AFACC /* DateFormat.swift in Sources */ = {isa = PBXBuildFile; fileRef = E4DB7AA21B0113AA001AFACC /* DateFormat.swift */; };
		E4DB7AA81B01147D001AFACC /* cjson_String+Extension.swift in Sources */ = {isa = PBXBuildFile; fileRef = E4DB7AA51B01147D001AFACC /* cjson_String+Extension.swift */; };
		E4DB7AA91B01147D001AFACC /* Extensions.swift in Sources */ = {isa = PBXBuildFile; fileRef = E4DB7AA61B01147D001AFACC /* Extensions.swift */; };
		E4DB7AAA1B01147D001AFACC /* NSData+Extension.swift in Sources */ = {isa = PBXBuildFile; fileRef = E4DB7AA71B01147D001AFACC /* NSData+Extension.swift */; };
		E4DB7AE41B01820D001AFACC /* JavaScriptAnalyzer.swift in Sources */ = {isa = PBXBuildFile; fileRef = E4DB7AE31B01820D001AFACC /* JavaScriptAnalyzer.swift */; };
		E4DB7AEE1B022F1B001AFACC /* encryptor_compressor.txt in Resources */ = {isa = PBXBuildFile; fileRef = E4DB7AED1B022F1B001AFACC /* encryptor_compressor.txt */; };
/* End PBXBuildFile section */

/* Begin PBXContainerItemProxy section */
		E426C30B1AFD40FB000BB268 /* PBXContainerItemProxy */ = {
			isa = PBXContainerItemProxy;
			containerPortal = E426C2ED1AFD40FB000BB268 /* Project object */;
			proxyType = 1;
			remoteGlobalIDString = E426C2F41AFD40FB000BB268;
			remoteInfo = CompresJSON;
		};
/* End PBXContainerItemProxy section */

/* Begin PBXFileReference section */
		E426C2F51AFD40FB000BB268 /* CompresJSON.app */ = {isa = PBXFileReference; explicitFileType = wrapper.application; includeInIndex = 0; path = CompresJSON.app; sourceTree = BUILT_PRODUCTS_DIR; };
		E426C2F91AFD40FB000BB268 /* Info.plist */ = {isa = PBXFileReference; lastKnownFileType = text.plist.xml; path = Info.plist; sourceTree = "<group>"; };
		E426C2FA1AFD40FB000BB268 /* AppDelegate.swift */ = {isa = PBXFileReference; lastKnownFileType = sourcecode.swift; path = AppDelegate.swift; sourceTree = "<group>"; };
		E426C2FC1AFD40FB000BB268 /* ViewController.swift */ = {isa = PBXFileReference; lastKnownFileType = sourcecode.swift; path = ViewController.swift; sourceTree = "<group>"; };
		E426C2FF1AFD40FB000BB268 /* Base */ = {isa = PBXFileReference; lastKnownFileType = file.storyboard; name = Base; path = Base.lproj/Main.storyboard; sourceTree = "<group>"; };
		E426C3011AFD40FB000BB268 /* Images.xcassets */ = {isa = PBXFileReference; lastKnownFileType = folder.assetcatalog; path = Images.xcassets; sourceTree = "<group>"; };
		E426C3041AFD40FB000BB268 /* Base */ = {isa = PBXFileReference; lastKnownFileType = file.xib; name = Base; path = Base.lproj/LaunchScreen.xib; sourceTree = "<group>"; };
		E426C30A1AFD40FB000BB268 /* CompresJSONTests.xctest */ = {isa = PBXFileReference; explicitFileType = wrapper.cfbundle; includeInIndex = 0; path = CompresJSONTests.xctest; sourceTree = BUILT_PRODUCTS_DIR; };
		E426C30F1AFD40FB000BB268 /* Info.plist */ = {isa = PBXFileReference; lastKnownFileType = text.plist.xml; path = Info.plist; sourceTree = "<group>"; };
		E426C3101AFD40FB000BB268 /* CompresJSONTests.swift */ = {isa = PBXFileReference; lastKnownFileType = sourcecode.swift; path = CompresJSONTests.swift; sourceTree = "<group>"; };
		E426C31D1AFD4107000BB268 /* NSData+Base64.h */ = {isa = PBXFileReference; fileEncoding = 4; lastKnownFileType = sourcecode.c.h; path = "NSData+Base64.h"; sourceTree = "<group>"; };
		E426C31E1AFD4107000BB268 /* NSData+Base64.m */ = {isa = PBXFileReference; fileEncoding = 4; lastKnownFileType = sourcecode.c.objc; path = "NSData+Base64.m"; sourceTree = "<group>"; };
		E426C31F1AFD4107000BB268 /* StringEncryption.h */ = {isa = PBXFileReference; fileEncoding = 4; lastKnownFileType = sourcecode.c.h; path = StringEncryption.h; sourceTree = "<group>"; };
		E426C3201AFD4107000BB268 /* StringEncryption.m */ = {isa = PBXFileReference; fileEncoding = 4; lastKnownFileType = sourcecode.c.objc; path = StringEncryption.m; sourceTree = "<group>"; };
		E426C3211AFD4107000BB268 /* StringEncryptionBridgeHelper.h */ = {isa = PBXFileReference; fileEncoding = 4; lastKnownFileType = sourcecode.c.h; path = StringEncryptionBridgeHelper.h; sourceTree = "<group>"; };
		E426C3221AFD4107000BB268 /* StringEncryptionBridgeHelper.m */ = {isa = PBXFileReference; fileEncoding = 4; lastKnownFileType = sourcecode.c.objc; path = StringEncryptionBridgeHelper.m; sourceTree = "<group>"; };
		E426C3241AFD4107000BB268 /* Encryptor.swift */ = {isa = PBXFileReference; fileEncoding = 4; lastKnownFileType = sourcecode.swift; path = Encryptor.swift; sourceTree = "<group>"; };
		E426C3251AFD4107000BB268 /* bridge.h */ = {isa = PBXFileReference; fileEncoding = 4; lastKnownFileType = sourcecode.c.h; name = bridge.h; path = CompresJSON/bridge.h; sourceTree = "<group>"; };
		E426C3291AFD4107000BB268 /* CompresJSON.swift */ = {isa = PBXFileReference; fileEncoding = 4; lastKnownFileType = sourcecode.swift; path = CompresJSON.swift; sourceTree = "<group>"; };
		E426C32A1AFD4107000BB268 /* CompresJSONSettings.swift */ = {isa = PBXFileReference; fileEncoding = 4; lastKnownFileType = sourcecode.swift; path = CompresJSONSettings.swift; sourceTree = "<group>"; };
		E4C2F2CE1B02339C00C7A459 /* CompresJsonRequest.swift */ = {isa = PBXFileReference; fileEncoding = 4; lastKnownFileType = sourcecode.swift; path = CompresJsonRequest.swift; sourceTree = "<group>"; };
		E4C2F2D11B0234DE00C7A459 /* CardDesignItem.swift */ = {isa = PBXFileReference; fileEncoding = 4; lastKnownFileType = sourcecode.swift; path = CardDesignItem.swift; sourceTree = "<group>"; };
		E4C2F2D31B02527800C7A459 /* CompresJSONObject.swift */ = {isa = PBXFileReference; fileEncoding = 4; lastKnownFileType = sourcecode.swift; path = CompresJSONObject.swift; sourceTree = "<group>"; };
		E4DB7A671B010DE1001AFACC /* NSData+GZip+Extension.swift */ = {isa = PBXFileReference; fileEncoding = 4; lastKnownFileType = sourcecode.swift; path = "NSData+GZip+Extension.swift"; sourceTree = "<group>"; };
		E4DB7A691B010E03001AFACC /* libz.dylib */ = {isa = PBXFileReference; lastKnownFileType = "compiled.mach-o.dylib"; name = libz.dylib; path = usr/lib/libz.dylib; sourceTree = SDKROOT; };
		E4DB7A871B011289001AFACC /* NSDate+Extension.swift */ = {isa = PBXFileReference; fileEncoding = 4; lastKnownFileType = sourcecode.swift; path = "NSDate+Extension.swift"; sourceTree = "<group>"; };
		E4DB7A881B011289001AFACC /* String+Extension.swift */ = {isa = PBXFileReference; fileEncoding = 4; lastKnownFileType = sourcecode.swift; path = "String+Extension.swift"; sourceTree = "<group>"; };
		E4DB7A891B011289001AFACC /* UIAlertController+Extension.swift */ = {isa = PBXFileReference; fileEncoding = 4; lastKnownFileType = sourcecode.swift; path = "UIAlertController+Extension.swift"; sourceTree = "<group>"; };
		E4DB7A8A1B011289001AFACC /* UIViewController+Extension.swift */ = {isa = PBXFileReference; fileEncoding = 4; lastKnownFileType = sourcecode.swift; path = "UIViewController+Extension.swift"; sourceTree = "<group>"; };
		E4DB7A8C1B011289001AFACC /* Almofire.swift */ = {isa = PBXFileReference; fileEncoding = 4; lastKnownFileType = sourcecode.swift; path = Almofire.swift; sourceTree = "<group>"; };
		E4DB7A8D1B011289001AFACC /* swiftyJSON.swift */ = {isa = PBXFileReference; fileEncoding = 4; lastKnownFileType = sourcecode.swift; path = swiftyJSON.swift; sourceTree = "<group>"; };
		E4DB7A8F1B011289001AFACC /* JSONMappingDefaults.swift */ = {isa = PBXFileReference; fileEncoding = 4; lastKnownFileType = sourcecode.swift; path = JSONMappingDefaults.swift; sourceTree = "<group>"; };
		E4DB7A901B011289001AFACC /* JSONObject.swift */ = {isa = PBXFileReference; fileEncoding = 4; lastKnownFileType = sourcecode.swift; path = JSONObject.swift; sourceTree = "<group>"; };
		E4DB7A911B011289001AFACC /* JsonRequest.swift */ = {isa = PBXFileReference; fileEncoding = 4; lastKnownFileType = sourcecode.swift; path = JsonRequest.swift; sourceTree = "<group>"; };
		E4DB7A921B011289001AFACC /* WebApiDefaults.swift */ = {isa = PBXFileReference; fileEncoding = 4; lastKnownFileType = sourcecode.swift; path = WebApiDefaults.swift; sourceTree = "<group>"; };
		E4DB7A931B011289001AFACC /* WebApiManager.swift */ = {isa = PBXFileReference; fileEncoding = 4; lastKnownFileType = sourcecode.swift; path = WebApiManager.swift; sourceTree = "<group>"; };
		E4DB7AA01B011384001AFACC /* Compressor.swift */ = {isa = PBXFileReference; fileEncoding = 4; lastKnownFileType = sourcecode.swift; path = Compressor.swift; sourceTree = "<group>"; };
		E4DB7AA21B0113AA001AFACC /* DateFormat.swift */ = {isa = PBXFileReference; fileEncoding = 4; lastKnownFileType = sourcecode.swift; path = DateFormat.swift; sourceTree = "<group>"; };
		E4DB7AA51B01147D001AFACC /* cjson_String+Extension.swift */ = {isa = PBXFileReference; fileEncoding = 4; lastKnownFileType = sourcecode.swift; path = "cjson_String+Extension.swift"; sourceTree = "<group>"; };
		E4DB7AA61B01147D001AFACC /* Extensions.swift */ = {isa = PBXFileReference; fileEncoding = 4; lastKnownFileType = sourcecode.swift; path = Extensions.swift; sourceTree = "<group>"; };
		E4DB7AA71B01147D001AFACC /* NSData+Extension.swift */ = {isa = PBXFileReference; fileEncoding = 4; lastKnownFileType = sourcecode.swift; path = "NSData+Extension.swift"; sourceTree = "<group>"; };
		E4DB7AE31B01820D001AFACC /* JavaScriptAnalyzer.swift */ = {isa = PBXFileReference; fileEncoding = 4; lastKnownFileType = sourcecode.swift; path = JavaScriptAnalyzer.swift; sourceTree = "<group>"; };
		E4DB7AED1B022F1B001AFACC /* encryptor_compressor.txt */ = {isa = PBXFileReference; fileEncoding = 4; lastKnownFileType = text; path = encryptor_compressor.txt; sourceTree = "<group>"; };
/* End PBXFileReference section */

/* Begin PBXFrameworksBuildPhase section */
		E426C2F21AFD40FB000BB268 /* Frameworks */ = {
			isa = PBXFrameworksBuildPhase;
			buildActionMask = 2147483647;
			files = (
				E4DB7A6A1B010E03001AFACC /* libz.dylib in Frameworks */,
			);
			runOnlyForDeploymentPostprocessing = 0;
		};
		E426C3071AFD40FB000BB268 /* Frameworks */ = {
			isa = PBXFrameworksBuildPhase;
			buildActionMask = 2147483647;
			files = (
			);
			runOnlyForDeploymentPostprocessing = 0;
		};
/* End PBXFrameworksBuildPhase section */

/* Begin PBXGroup section */
		E426C2EC1AFD40FB000BB268 = {
			isa = PBXGroup;
			children = (
				E4DB7A691B010E03001AFACC /* libz.dylib */,
				E426C2F71AFD40FB000BB268 /* CompresJSON */,
				E426C30D1AFD40FB000BB268 /* CompresJSONTests */,
				E426C2F61AFD40FB000BB268 /* Products */,
			);
			sourceTree = "<group>";
		};
		E426C2F61AFD40FB000BB268 /* Products */ = {
			isa = PBXGroup;
			children = (
				E426C2F51AFD40FB000BB268 /* CompresJSON.app */,
				E426C30A1AFD40FB000BB268 /* CompresJSONTests.xctest */,
			);
			name = Products;
			sourceTree = "<group>";
		};
		E426C2F71AFD40FB000BB268 /* CompresJSON */ = {
			isa = PBXGroup;
			children = (
				E4C2F2D01B0234D300C7A459 /* Classes */,
				E426C3251AFD4107000BB268 /* bridge.h */,
				E426C31A1AFD4107000BB268 /* CompresJSON */,
				E426C2FA1AFD40FB000BB268 /* AppDelegate.swift */,
				E426C2FC1AFD40FB000BB268 /* ViewController.swift */,
				E426C2FE1AFD40FB000BB268 /* Main.storyboard */,
				E426C3011AFD40FB000BB268 /* Images.xcassets */,
				E426C3031AFD40FB000BB268 /* LaunchScreen.xib */,
				E426C2F81AFD40FB000BB268 /* Supporting Files */,
			);
			path = CompresJSON;
			sourceTree = "<group>";
		};
		E426C2F81AFD40FB000BB268 /* Supporting Files */ = {
			isa = PBXGroup;
			children = (
				E4DB7AED1B022F1B001AFACC /* encryptor_compressor.txt */,
				E426C2F91AFD40FB000BB268 /* Info.plist */,
			);
			name = "Supporting Files";
			sourceTree = "<group>";
		};
		E426C30D1AFD40FB000BB268 /* CompresJSONTests */ = {
			isa = PBXGroup;
			children = (
				E426C3101AFD40FB000BB268 /* CompresJSONTests.swift */,
				E426C30E1AFD40FB000BB268 /* Supporting Files */,
			);
			path = CompresJSONTests;
			sourceTree = "<group>";
		};
		E426C30E1AFD40FB000BB268 /* Supporting Files */ = {
			isa = PBXGroup;
			children = (
				E426C30F1AFD40FB000BB268 /* Info.plist */,
			);
			name = "Supporting Files";
			sourceTree = "<group>";
		};
		E426C31A1AFD4107000BB268 /* CompresJSON */ = {
			isa = PBXGroup;
			children = (
				E4DB7AE01B018182001AFACC /* JS */,
				E4DB7AA41B01147D001AFACC /* Extensions */,
				E4DB7A9F1B011384001AFACC /* Compression */,
				E4DB7A851B011289001AFACC /* ABToolKit */,
				E426C31B1AFD4107000BB268 /* Dependencies */,
				E426C3231AFD4107000BB268 /* Encryption */,
				E426C3281AFD4107000BB268 /* Library */,
			);
			path = CompresJSON;
			sourceTree = "<group>";
		};
		E426C31B1AFD4107000BB268 /* Dependencies */ = {
			isa = PBXGroup;
			children = (
				E4DB7A671B010DE1001AFACC /* NSData+GZip+Extension.swift */,
				E426C31C1AFD4107000BB268 /* objc */,
			);
			path = Dependencies;
			sourceTree = "<group>";
		};
		E426C31C1AFD4107000BB268 /* objc */ = {
			isa = PBXGroup;
			children = (
				E426C31D1AFD4107000BB268 /* NSData+Base64.h */,
				E426C31E1AFD4107000BB268 /* NSData+Base64.m */,
				E426C31F1AFD4107000BB268 /* StringEncryption.h */,
				E426C3201AFD4107000BB268 /* StringEncryption.m */,
				E426C3211AFD4107000BB268 /* StringEncryptionBridgeHelper.h */,
				E426C3221AFD4107000BB268 /* StringEncryptionBridgeHelper.m */,
			);
			path = objc;
			sourceTree = "<group>";
		};
		E426C3231AFD4107000BB268 /* Encryption */ = {
			isa = PBXGroup;
			children = (
				E426C3241AFD4107000BB268 /* Encryptor.swift */,
			);
			path = Encryption;
			sourceTree = "<group>";
		};
		E426C3281AFD4107000BB268 /* Library */ = {
			isa = PBXGroup;
			children = (
				E4C2F2CE1B02339C00C7A459 /* CompresJsonRequest.swift */,
				E426C3291AFD4107000BB268 /* CompresJSON.swift */,
				E426C32A1AFD4107000BB268 /* CompresJSONSettings.swift */,
				E4C2F2D31B02527800C7A459 /* CompresJSONObject.swift */,
			);
			path = Library;
			sourceTree = "<group>";
		};
		E4C2F2D01B0234D300C7A459 /* Classes */ = {
			isa = PBXGroup;
			children = (
				E4C2F2D11B0234DE00C7A459 /* CardDesignItem.swift */,
			);
			name = Classes;
			sourceTree = "<group>";
		};
		E4DB7A851B011289001AFACC /* ABToolKit */ = {
			isa = PBXGroup;
			children = (
				E4DB7A861B011289001AFACC /* Extensions */,
				E4DB7A8B1B011289001AFACC /* External */,
				E4DB7A8E1B011289001AFACC /* JsonRequest */,
			);
			path = ABToolKit;
			sourceTree = "<group>";
		};
		E4DB7A861B011289001AFACC /* Extensions */ = {
			isa = PBXGroup;
			children = (
				E4DB7A871B011289001AFACC /* NSDate+Extension.swift */,
				E4DB7A881B011289001AFACC /* String+Extension.swift */,
				E4DB7A891B011289001AFACC /* UIAlertController+Extension.swift */,
				E4DB7A8A1B011289001AFACC /* UIViewController+Extension.swift */,
			);
			path = Extensions;
			sourceTree = "<group>";
		};
		E4DB7A8B1B011289001AFACC /* External */ = {
			isa = PBXGroup;
			children = (
				E4DB7A8C1B011289001AFACC /* Almofire.swift */,
				E4DB7A8D1B011289001AFACC /* swiftyJSON.swift */,
			);
			path = External;
			sourceTree = "<group>";
		};
		E4DB7A8E1B011289001AFACC /* JsonRequest */ = {
			isa = PBXGroup;
			children = (
				E4DB7AA21B0113AA001AFACC /* DateFormat.swift */,
				E4DB7A8F1B011289001AFACC /* JSONMappingDefaults.swift */,
				E4DB7A901B011289001AFACC /* JSONObject.swift */,
				E4DB7A911B011289001AFACC /* JsonRequest.swift */,
				E4DB7A921B011289001AFACC /* WebApiDefaults.swift */,
				E4DB7A931B011289001AFACC /* WebApiManager.swift */,
			);
			path = JsonRequest;
			sourceTree = "<group>";
		};
		E4DB7A9F1B011384001AFACC /* Compression */ = {
			isa = PBXGroup;
			children = (
				E4DB7AA01B011384001AFACC /* Compressor.swift */,
			);
			path = Compression;
			sourceTree = "<group>";
		};
		E4DB7AA41B01147D001AFACC /* Extensions */ = {
			isa = PBXGroup;
			children = (
				E4DB7AA51B01147D001AFACC /* cjson_String+Extension.swift */,
				E4DB7AA61B01147D001AFACC /* Extensions.swift */,
				E4DB7AA71B01147D001AFACC /* NSData+Extension.swift */,
			);
			path = Extensions;
			sourceTree = "<group>";
		};
		E4DB7AE01B018182001AFACC /* JS */ = {
			isa = PBXGroup;
			children = (
				E4DB7AE31B01820D001AFACC /* JavaScriptAnalyzer.swift */,
			);
			name = JS;
			sourceTree = "<group>";
		};
/* End PBXGroup section */

/* Begin PBXNativeTarget section */
		E426C2F41AFD40FB000BB268 /* CompresJSON */ = {
			isa = PBXNativeTarget;
			buildConfigurationList = E426C3141AFD40FB000BB268 /* Build configuration list for PBXNativeTarget "CompresJSON" */;
			buildPhases = (
				E426C2F11AFD40FB000BB268 /* Sources */,
				E426C2F21AFD40FB000BB268 /* Frameworks */,
				E426C2F31AFD40FB000BB268 /* Resources */,
			);
			buildRules = (
			);
			dependencies = (
			);
			name = CompresJSON;
			productName = CompresJSON;
			productReference = E426C2F51AFD40FB000BB268 /* CompresJSON.app */;
			productType = "com.apple.product-type.application";
		};
		E426C3091AFD40FB000BB268 /* CompresJSONTests */ = {
			isa = PBXNativeTarget;
			buildConfigurationList = E426C3171AFD40FB000BB268 /* Build configuration list for PBXNativeTarget "CompresJSONTests" */;
			buildPhases = (
				E426C3061AFD40FB000BB268 /* Sources */,
				E426C3071AFD40FB000BB268 /* Frameworks */,
				E426C3081AFD40FB000BB268 /* Resources */,
			);
			buildRules = (
			);
			dependencies = (
				E426C30C1AFD40FB000BB268 /* PBXTargetDependency */,
			);
			name = CompresJSONTests;
			productName = CompresJSONTests;
			productReference = E426C30A1AFD40FB000BB268 /* CompresJSONTests.xctest */;
			productType = "com.apple.product-type.bundle.unit-test";
		};
/* End PBXNativeTarget section */

/* Begin PBXProject section */
		E426C2ED1AFD40FB000BB268 /* Project object */ = {
			isa = PBXProject;
			attributes = {
				LastUpgradeCheck = 0630;
				ORGANIZATIONNAME = "Alex Bechmann";
				TargetAttributes = {
					E426C2F41AFD40FB000BB268 = {
						CreatedOnToolsVersion = 6.3;
					};
					E426C3091AFD40FB000BB268 = {
						CreatedOnToolsVersion = 6.3;
						TestTargetID = E426C2F41AFD40FB000BB268;
					};
				};
			};
			buildConfigurationList = E426C2F01AFD40FB000BB268 /* Build configuration list for PBXProject "CompresJSON" */;
			compatibilityVersion = "Xcode 3.2";
			developmentRegion = English;
			hasScannedForEncodings = 0;
			knownRegions = (
				en,
				Base,
			);
			mainGroup = E426C2EC1AFD40FB000BB268;
			productRefGroup = E426C2F61AFD40FB000BB268 /* Products */;
			projectDirPath = "";
			projectRoot = "";
			targets = (
				E426C2F41AFD40FB000BB268 /* CompresJSON */,
				E426C3091AFD40FB000BB268 /* CompresJSONTests */,
			);
		};
/* End PBXProject section */

/* Begin PBXResourcesBuildPhase section */
		E426C2F31AFD40FB000BB268 /* Resources */ = {
			isa = PBXResourcesBuildPhase;
			buildActionMask = 2147483647;
			files = (
				E4DB7AEE1B022F1B001AFACC /* encryptor_compressor.txt in Resources */,
				E426C3001AFD40FB000BB268 /* Main.storyboard in Resources */,
				E426C3051AFD40FB000BB268 /* LaunchScreen.xib in Resources */,
				E426C3021AFD40FB000BB268 /* Images.xcassets in Resources */,
			);
			runOnlyForDeploymentPostprocessing = 0;
		};
		E426C3081AFD40FB000BB268 /* Resources */ = {
			isa = PBXResourcesBuildPhase;
			buildActionMask = 2147483647;
			files = (
			);
			runOnlyForDeploymentPostprocessing = 0;
		};
/* End PBXResourcesBuildPhase section */

/* Begin PBXSourcesBuildPhase section */
		E426C2F11AFD40FB000BB268 /* Sources */ = {
			isa = PBXSourcesBuildPhase;
			buildActionMask = 2147483647;
			files = (
				E4DB7A941B011289001AFACC /* NSDate+Extension.swift in Sources */,
				E4DB7A991B011289001AFACC /* swiftyJSON.swift in Sources */,
				E4DB7AAA1B01147D001AFACC /* NSData+Extension.swift in Sources */,
				E4DB7AA11B011384001AFACC /* Compressor.swift in Sources */,
				E426C2FD1AFD40FB000BB268 /* ViewController.swift in Sources */,
				E426C2FB1AFD40FB000BB268 /* AppDelegate.swift in Sources */,
				E4DB7A9B1B011289001AFACC /* JSONObject.swift in Sources */,
				E4DB7A971B011289001AFACC /* UIViewController+Extension.swift in Sources */,
				E4DB7AE41B01820D001AFACC /* JavaScriptAnalyzer.swift in Sources */,
				E426C32B1AFD4107000BB268 /* NSData+Base64.m in Sources */,
				E4DB7AA31B0113AA001AFACC /* DateFormat.swift in Sources */,
				E4DB7A9C1B011289001AFACC /* JsonRequest.swift in Sources */,
				E426C32D1AFD4107000BB268 /* StringEncryptionBridgeHelper.m in Sources */,
				E4DB7A9E1B011289001AFACC /* WebApiManager.swift in Sources */,
				E4C2F2CF1B02339C00C7A459 /* CompresJsonRequest.swift in Sources */,
				E426C3311AFD4107000BB268 /* CompresJSONSettings.swift in Sources */,
				E4DB7A951B011289001AFACC /* String+Extension.swift in Sources */,
				E4C2F2D41B02527800C7A459 /* CompresJSONObject.swift in Sources */,
				E4DB7AA81B01147D001AFACC /* cjson_String+Extension.swift in Sources */,
				E4DB7A981B011289001AFACC /* Almofire.swift in Sources */,
				E4DB7A9A1B011289001AFACC /* JSONMappingDefaults.swift in Sources */,
				E4C2F2D21B0234DE00C7A459 /* CardDesignItem.swift in Sources */,
				E426C32E1AFD4107000BB268 /* Encryptor.swift in Sources */,
				E4DB7A961B011289001AFACC /* UIAlertController+Extension.swift in Sources */,
				E4DB7AA91B01147D001AFACC /* Extensions.swift in Sources */,
				E426C32C1AFD4107000BB268 /* StringEncryption.m in Sources */,
				E4DB7A681B010DE1001AFACC /* NSData+GZip+Extension.swift in Sources */,
				E4DB7A9D1B011289001AFACC /* WebApiDefaults.swift in Sources */,
				E426C3301AFD4107000BB268 /* CompresJSON.swift in Sources */,
			);
			runOnlyForDeploymentPostprocessing = 0;
		};
		E426C3061AFD40FB000BB268 /* Sources */ = {
			isa = PBXSourcesBuildPhase;
			buildActionMask = 2147483647;
			files = (
				E426C3111AFD40FB000BB268 /* CompresJSONTests.swift in Sources */,
			);
			runOnlyForDeploymentPostprocessing = 0;
		};
/* End PBXSourcesBuildPhase section */

/* Begin PBXTargetDependency section */
		E426C30C1AFD40FB000BB268 /* PBXTargetDependency */ = {
			isa = PBXTargetDependency;
			target = E426C2F41AFD40FB000BB268 /* CompresJSON */;
			targetProxy = E426C30B1AFD40FB000BB268 /* PBXContainerItemProxy */;
		};
/* End PBXTargetDependency section */

/* Begin PBXVariantGroup section */
		E426C2FE1AFD40FB000BB268 /* Main.storyboard */ = {
			isa = PBXVariantGroup;
			children = (
				E426C2FF1AFD40FB000BB268 /* Base */,
			);
			name = Main.storyboard;
			sourceTree = "<group>";
		};
		E426C3031AFD40FB000BB268 /* LaunchScreen.xib */ = {
			isa = PBXVariantGroup;
			children = (
				E426C3041AFD40FB000BB268 /* Base */,
			);
			name = LaunchScreen.xib;
			sourceTree = "<group>";
		};
/* End PBXVariantGroup section */

/* Begin XCBuildConfiguration section */
		E426C3121AFD40FB000BB268 /* Debug */ = {
			isa = XCBuildConfiguration;
			buildSettings = {
				ALWAYS_SEARCH_USER_PATHS = NO;
				CLANG_CXX_LANGUAGE_STANDARD = "gnu++0x";
				CLANG_CXX_LIBRARY = "libc++";
				CLANG_ENABLE_MODULES = YES;
				CLANG_ENABLE_OBJC_ARC = YES;
				CLANG_WARN_BOOL_CONVERSION = YES;
				CLANG_WARN_CONSTANT_CONVERSION = YES;
				CLANG_WARN_DIRECT_OBJC_ISA_USAGE = YES_ERROR;
				CLANG_WARN_EMPTY_BODY = YES;
				CLANG_WARN_ENUM_CONVERSION = YES;
				CLANG_WARN_INT_CONVERSION = YES;
				CLANG_WARN_OBJC_ROOT_CLASS = YES_ERROR;
				CLANG_WARN_UNREACHABLE_CODE = YES;
				CLANG_WARN__DUPLICATE_METHOD_MATCH = YES;
				"CODE_SIGN_IDENTITY[sdk=iphoneos*]" = "iPhone Developer";
				COPY_PHASE_STRIP = NO;
				DEBUG_INFORMATION_FORMAT = "dwarf-with-dsym";
				ENABLE_STRICT_OBJC_MSGSEND = YES;
				GCC_C_LANGUAGE_STANDARD = gnu99;
				GCC_DYNAMIC_NO_PIC = NO;
				GCC_NO_COMMON_BLOCKS = YES;
				GCC_OPTIMIZATION_LEVEL = 0;
				GCC_PREPROCESSOR_DEFINITIONS = (
					"DEBUG=1",
					"$(inherited)",
				);
				GCC_SYMBOLS_PRIVATE_EXTERN = NO;
				GCC_WARN_64_TO_32_BIT_CONVERSION = YES;
				GCC_WARN_ABOUT_RETURN_TYPE = YES_ERROR;
				GCC_WARN_UNDECLARED_SELECTOR = YES;
				GCC_WARN_UNINITIALIZED_AUTOS = YES_AGGRESSIVE;
				GCC_WARN_UNUSED_FUNCTION = YES;
				GCC_WARN_UNUSED_VARIABLE = YES;
				IPHONEOS_DEPLOYMENT_TARGET = 8.3;
				MTL_ENABLE_DEBUG_INFO = YES;
				ONLY_ACTIVE_ARCH = YES;
				SDKROOT = iphoneos;
				SWIFT_OPTIMIZATION_LEVEL = "-Onone";
				TARGETED_DEVICE_FAMILY = "1,2";
			};
			name = Debug;
		};
		E426C3131AFD40FB000BB268 /* Release */ = {
			isa = XCBuildConfiguration;
			buildSettings = {
				ALWAYS_SEARCH_USER_PATHS = NO;
				CLANG_CXX_LANGUAGE_STANDARD = "gnu++0x";
				CLANG_CXX_LIBRARY = "libc++";
				CLANG_ENABLE_MODULES = YES;
				CLANG_ENABLE_OBJC_ARC = YES;
				CLANG_WARN_BOOL_CONVERSION = YES;
				CLANG_WARN_CONSTANT_CONVERSION = YES;
				CLANG_WARN_DIRECT_OBJC_ISA_USAGE = YES_ERROR;
				CLANG_WARN_EMPTY_BODY = YES;
				CLANG_WARN_ENUM_CONVERSION = YES;
				CLANG_WARN_INT_CONVERSION = YES;
				CLANG_WARN_OBJC_ROOT_CLASS = YES_ERROR;
				CLANG_WARN_UNREACHABLE_CODE = YES;
				CLANG_WARN__DUPLICATE_METHOD_MATCH = YES;
				"CODE_SIGN_IDENTITY[sdk=iphoneos*]" = "iPhone Developer";
				COPY_PHASE_STRIP = NO;
				DEBUG_INFORMATION_FORMAT = "dwarf-with-dsym";
				ENABLE_NS_ASSERTIONS = NO;
				ENABLE_STRICT_OBJC_MSGSEND = YES;
				GCC_C_LANGUAGE_STANDARD = gnu99;
				GCC_NO_COMMON_BLOCKS = YES;
				GCC_WARN_64_TO_32_BIT_CONVERSION = YES;
				GCC_WARN_ABOUT_RETURN_TYPE = YES_ERROR;
				GCC_WARN_UNDECLARED_SELECTOR = YES;
				GCC_WARN_UNINITIALIZED_AUTOS = YES_AGGRESSIVE;
				GCC_WARN_UNUSED_FUNCTION = YES;
				GCC_WARN_UNUSED_VARIABLE = YES;
				IPHONEOS_DEPLOYMENT_TARGET = 8.3;
				MTL_ENABLE_DEBUG_INFO = NO;
				SDKROOT = iphoneos;
				TARGETED_DEVICE_FAMILY = "1,2";
				VALIDATE_PRODUCT = YES;
			};
			name = Release;
		};
		E426C3151AFD40FB000BB268 /* Debug */ = {
			isa = XCBuildConfiguration;
			buildSettings = {
				ASSETCATALOG_COMPILER_APPICON_NAME = AppIcon;
				INFOPLIST_FILE = CompresJSON/Info.plist;
				LD_RUNPATH_SEARCH_PATHS = "$(inherited) @executable_path/Frameworks";
				PRODUCT_NAME = "$(TARGET_NAME)";
				SWIFT_OBJC_BRIDGING_HEADER = CompresJSON/CompresJSON/bridge.h;
			};
			name = Debug;
		};
		E426C3161AFD40FB000BB268 /* Release */ = {
			isa = XCBuildConfiguration;
			buildSettings = {
				ASSETCATALOG_COMPILER_APPICON_NAME = AppIcon;
				INFOPLIST_FILE = CompresJSON/Info.plist;
				LD_RUNPATH_SEARCH_PATHS = "$(inherited) @executable_path/Frameworks";
				PRODUCT_NAME = "$(TARGET_NAME)";
				SWIFT_OBJC_BRIDGING_HEADER = CompresJSON/CompresJSON/bridge.h;
			};
			name = Release;
		};
		E426C3181AFD40FB000BB268 /* Debug */ = {
			isa = XCBuildConfiguration;
			buildSettings = {
				BUNDLE_LOADER = "$(TEST_HOST)";
				FRAMEWORK_SEARCH_PATHS = (
					"$(SDKROOT)/Developer/Library/Frameworks",
					"$(inherited)",
				);
				GCC_PREPROCESSOR_DEFINITIONS = (
					"DEBUG=1",
					"$(inherited)",
				);
				INFOPLIST_FILE = CompresJSONTests/Info.plist;
				LD_RUNPATH_SEARCH_PATHS = "$(inherited) @executable_path/Frameworks @loader_path/Frameworks";
				PRODUCT_NAME = "$(TARGET_NAME)";
				TEST_HOST = "$(BUILT_PRODUCTS_DIR)/CompresJSON.app/CompresJSON";
			};
			name = Debug;
		};
		E426C3191AFD40FB000BB268 /* Release */ = {
			isa = XCBuildConfiguration;
			buildSettings = {
				BUNDLE_LOADER = "$(TEST_HOST)";
				FRAMEWORK_SEARCH_PATHS = (
					"$(SDKROOT)/Developer/Library/Frameworks",
					"$(inherited)",
				);
				INFOPLIST_FILE = CompresJSONTests/Info.plist;
				LD_RUNPATH_SEARCH_PATHS = "$(inherited) @executable_path/Frameworks @loader_path/Frameworks";
				PRODUCT_NAME = "$(TARGET_NAME)";
				TEST_HOST = "$(BUILT_PRODUCTS_DIR)/CompresJSON.app/CompresJSON";
			};
			name = Release;
		};
/* End XCBuildConfiguration section */

/* Begin XCConfigurationList section */
		E426C2F01AFD40FB000BB268 /* Build configuration list for PBXProject "CompresJSON" */ = {
			isa = XCConfigurationList;
			buildConfigurations = (
				E426C3121AFD40FB000BB268 /* Debug */,
				E426C3131AFD40FB000BB268 /* Release */,
			);
			defaultConfigurationIsVisible = 0;
			defaultConfigurationName = Release;
		};
		E426C3141AFD40FB000BB268 /* Build configuration list for PBXNativeTarget "CompresJSON" */ = {
			isa = XCConfigurationList;
			buildConfigurations = (
				E426C3151AFD40FB000BB268 /* Debug */,
				E426C3161AFD40FB000BB268 /* Release */,
			);
			defaultConfigurationIsVisible = 0;
			defaultConfigurationName = Release;
		};
		E426C3171AFD40FB000BB268 /* Build configuration list for PBXNativeTarget "CompresJSONTests" */ = {
			isa = XCConfigurationList;
			buildConfigurations = (
				E426C3181AFD40FB000BB268 /* Debug */,
				E426C3191AFD40FB000BB268 /* Release */,
			);
			defaultConfigurationIsVisible = 0;
			defaultConfigurationName = Release;
		};
/* End XCConfigurationList section */
	};
	rootObject = E426C2ED1AFD40FB000BB268 /* Project object */;
}
